
Microsoft Visual Studio Solution File, Format Version 12.00
# Visual Studio Version 16
VisualStudioVersion = 16.0.29911.84
MinimumVisualStudioVersion = 10.0.40219.1
Project("{8BC9CEB8-8B4A-11D0-8D11-00A0C91BC942}") = "Y201907033_0510", "Y201907033_0510.vcxproj", "{41D91B0A-3347-463D-8844-B94D3717C855}"
EndProject
Global
	GlobalSection(SolutionConfigurationPlatforms) = preSolution
		Debug|x64 = Debug|x64
		Debug|x86 = Debug|x86
		Release|x64 = Release|x64
		Release|x86 = Release|x86
	EndGlobalSection
	GlobalSection(ProjectConfigurationPlatforms) = postSolution
		{41D91B0A-3347-463D-8844-B94D3717C855}.Debug|x64.ActiveCfg = Debug|x64
		{41D91B0A-3347-463D-8844-B94D3717C855}.Debug|x64.Build.0 = Debug|x64
		{41D91B0A-3347-463D-8844-B94D3717C855}.Debug|x86.ActiveCfg = Debug|Win32
		{41D91B0A-3347-463D-8844-B94D3717C855}.Debug|x86.Build.0 = Debug|Win32
		{41D91B0A-3347-463D-8844-B94D3717C855}.Release|x64.ActiveCfg = Release|x64
		{41D91B0A-3347-463D-8844-B94D3717C855}.Release|x64.Build.0 = Release|x64
		{41D91B0A-3347-463D-8844-B94D3717C855}.Release|x86.ActiveCfg = Release|Win32
		{41D91B0A-3347-463D-8844-B94D3717C855}.Release|x86.Build.0 = Release|Win32
	EndGlobalSection
	GlobalSection(SolutionProperties) = preSolution
		HideSolutionNode = FALSE
	EndGlobalSection
	GlobalSection(ExtensibilityGlobals) = postSolution
		SolutionGuid = {7BFC26D9-4661-445F-8C04-5E9B35C29509}
	EndGlobalSection
EndGlobal
