
Microsoft Visual Studio Solution File, Format Version 12.00
# Visual Studio Version 16
VisualStudioVersion = 16.0.29911.84
MinimumVisualStudioVersion = 10.0.40219.1
Project("{8BC9CEB8-8B4A-11D0-8D11-00A0C91BC942}") = "Y201907033_0511", "Y201907033_0511.vcxproj", "{F48D2A1C-4C87-4527-BFA1-8EF44E68399C}"
EndProject
Global
	GlobalSection(SolutionConfigurationPlatforms) = preSolution
		Debug|x64 = Debug|x64
		Debug|x86 = Debug|x86
		Release|x64 = Release|x64
		Release|x86 = Release|x86
	EndGlobalSection
	GlobalSection(ProjectConfigurationPlatforms) = postSolution
		{F48D2A1C-4C87-4527-BFA1-8EF44E68399C}.Debug|x64.ActiveCfg = Debug|x64
		{F48D2A1C-4C87-4527-BFA1-8EF44E68399C}.Debug|x64.Build.0 = Debug|x64
		{F48D2A1C-4C87-4527-BFA1-8EF44E68399C}.Debug|x86.ActiveCfg = Debug|Win32
		{F48D2A1C-4C87-4527-BFA1-8EF44E68399C}.Debug|x86.Build.0 = Debug|Win32
		{F48D2A1C-4C87-4527-BFA1-8EF44E68399C}.Release|x64.ActiveCfg = Release|x64
		{F48D2A1C-4C87-4527-BFA1-8EF44E68399C}.Release|x64.Build.0 = Release|x64
		{F48D2A1C-4C87-4527-BFA1-8EF44E68399C}.Release|x86.ActiveCfg = Release|Win32
		{F48D2A1C-4C87-4527-BFA1-8EF44E68399C}.Release|x86.Build.0 = Release|Win32
	EndGlobalSection
	GlobalSection(SolutionProperties) = preSolution
		HideSolutionNode = FALSE
	EndGlobalSection
	GlobalSection(ExtensibilityGlobals) = postSolution
		SolutionGuid = {05DA7FC9-914B-4197-B015-EC3D98DBA3B0}
	EndGlobalSection
EndGlobal
