
Microsoft Visual Studio Solution File, Format Version 12.00
# Visual Studio Version 16
VisualStudioVersion = 16.0.29911.84
MinimumVisualStudioVersion = 10.0.40219.1
Project("{8BC9CEB8-8B4A-11D0-8D11-00A0C91BC942}") = "Y201907033_0701_2", "Y201907033_0701_2.vcxproj", "{380BABEB-B51C-4ABA-B596-F79052C45162}"
EndProject
Global
	GlobalSection(SolutionConfigurationPlatforms) = preSolution
		Debug|x64 = Debug|x64
		Debug|x86 = Debug|x86
		Release|x64 = Release|x64
		Release|x86 = Release|x86
	EndGlobalSection
	GlobalSection(ProjectConfigurationPlatforms) = postSolution
		{380BABEB-B51C-4ABA-B596-F79052C45162}.Debug|x64.ActiveCfg = Debug|x64
		{380BABEB-B51C-4ABA-B596-F79052C45162}.Debug|x64.Build.0 = Debug|x64
		{380BABEB-B51C-4ABA-B596-F79052C45162}.Debug|x86.ActiveCfg = Debug|Win32
		{380BABEB-B51C-4ABA-B596-F79052C45162}.Debug|x86.Build.0 = Debug|Win32
		{380BABEB-B51C-4ABA-B596-F79052C45162}.Release|x64.ActiveCfg = Release|x64
		{380BABEB-B51C-4ABA-B596-F79052C45162}.Release|x64.Build.0 = Release|x64
		{380BABEB-B51C-4ABA-B596-F79052C45162}.Release|x86.ActiveCfg = Release|Win32
		{380BABEB-B51C-4ABA-B596-F79052C45162}.Release|x86.Build.0 = Release|Win32
	EndGlobalSection
	GlobalSection(SolutionProperties) = preSolution
		HideSolutionNode = FALSE
	EndGlobalSection
	GlobalSection(ExtensibilityGlobals) = postSolution
		SolutionGuid = {C99E0F6A-CAB3-43D1-917B-2A75F5D2DFF2}
	EndGlobalSection
EndGlobal
