
Microsoft Visual Studio Solution File, Format Version 12.00
# Visual Studio Version 16
VisualStudioVersion = 16.0.29911.84
MinimumVisualStudioVersion = 10.0.40219.1
Project("{8BC9CEB8-8B4A-11D0-8D11-00A0C91BC942}") = "Y201907033_0308", "Y201907033_0308.vcxproj", "{4F8E6787-DDF5-4655-A508-96485E5456B7}"
EndProject
Global
	GlobalSection(SolutionConfigurationPlatforms) = preSolution
		Debug|x64 = Debug|x64
		Debug|x86 = Debug|x86
		Release|x64 = Release|x64
		Release|x86 = Release|x86
	EndGlobalSection
	GlobalSection(ProjectConfigurationPlatforms) = postSolution
		{4F8E6787-DDF5-4655-A508-96485E5456B7}.Debug|x64.ActiveCfg = Debug|x64
		{4F8E6787-DDF5-4655-A508-96485E5456B7}.Debug|x64.Build.0 = Debug|x64
		{4F8E6787-DDF5-4655-A508-96485E5456B7}.Debug|x86.ActiveCfg = Debug|Win32
		{4F8E6787-DDF5-4655-A508-96485E5456B7}.Debug|x86.Build.0 = Debug|Win32
		{4F8E6787-DDF5-4655-A508-96485E5456B7}.Release|x64.ActiveCfg = Release|x64
		{4F8E6787-DDF5-4655-A508-96485E5456B7}.Release|x64.Build.0 = Release|x64
		{4F8E6787-DDF5-4655-A508-96485E5456B7}.Release|x86.ActiveCfg = Release|Win32
		{4F8E6787-DDF5-4655-A508-96485E5456B7}.Release|x86.Build.0 = Release|Win32
	EndGlobalSection
	GlobalSection(SolutionProperties) = preSolution
		HideSolutionNode = FALSE
	EndGlobalSection
	GlobalSection(ExtensibilityGlobals) = postSolution
		SolutionGuid = {8211EDE0-0B39-4E10-B39B-B8E667B36076}
	EndGlobalSection
EndGlobal
