
Microsoft Visual Studio Solution File, Format Version 12.00
# Visual Studio Version 16
VisualStudioVersion = 16.0.29911.84
MinimumVisualStudioVersion = 10.0.40219.1
Project("{8BC9CEB8-8B4A-11D0-8D11-00A0C91BC942}") = "Y201907033_0202", "Y201907033_0202.vcxproj", "{EF87E8D4-4AB4-4449-8012-4595194EBD61}"
EndProject
Global
	GlobalSection(SolutionConfigurationPlatforms) = preSolution
		Debug|x64 = Debug|x64
		Debug|x86 = Debug|x86
		Release|x64 = Release|x64
		Release|x86 = Release|x86
	EndGlobalSection
	GlobalSection(ProjectConfigurationPlatforms) = postSolution
		{EF87E8D4-4AB4-4449-8012-4595194EBD61}.Debug|x64.ActiveCfg = Debug|x64
		{EF87E8D4-4AB4-4449-8012-4595194EBD61}.Debug|x64.Build.0 = Debug|x64
		{EF87E8D4-4AB4-4449-8012-4595194EBD61}.Debug|x86.ActiveCfg = Debug|Win32
		{EF87E8D4-4AB4-4449-8012-4595194EBD61}.Debug|x86.Build.0 = Debug|Win32
		{EF87E8D4-4AB4-4449-8012-4595194EBD61}.Release|x64.ActiveCfg = Release|x64
		{EF87E8D4-4AB4-4449-8012-4595194EBD61}.Release|x64.Build.0 = Release|x64
		{EF87E8D4-4AB4-4449-8012-4595194EBD61}.Release|x86.ActiveCfg = Release|Win32
		{EF87E8D4-4AB4-4449-8012-4595194EBD61}.Release|x86.Build.0 = Release|Win32
	EndGlobalSection
	GlobalSection(SolutionProperties) = preSolution
		HideSolutionNode = FALSE
	EndGlobalSection
	GlobalSection(ExtensibilityGlobals) = postSolution
		SolutionGuid = {E395D16C-0C75-430F-BDF3-3B548F24FB9A}
	EndGlobalSection
EndGlobal
